<?xml version="1.0" encoding="utf-8"?>
<Project ToolsVersion="4.0" xmlns="http://schemas.microsoft.com/developer/msbuild/2003">
  <ItemGroup>
    <Filter Include="Pliki źródłowe">
      <UniqueIdentifier>{4FC737F1-C7A5-4376-A066-2A32D752A2FF}</UniqueIdentifier>
      <Extensions>cpp;c;cc;cxx;c++;cppm;ixx;def;odl;idl;hpj;bat;asm;asmx</Extensions>
    </Filter>
    <Filter Include="Pliki nagłówkowe">
      <UniqueIdentifier>{93995380-89BD-4b04-88EB-625FBE52EBFB}</UniqueIdentifier>
      <Extensions>h;hh;hpp;hxx;h++;hm;inl;inc;ipp;xsd</Extensions>
    </Filter>
    <Filter Include="Pliki zasobów">
      <UniqueIdentifier>{67DA6AB6-F800-4c08-8B7A-83BB121AAD01}</UniqueIdentifier>
      <Extensions>rc;ico;cur;bmp;dlg;rc2;rct;bin;rgs;gif;jpg;jpeg;jpe;resx;tiff;tif;png;wav;mfcribbon-ms</Extensions>
    </Filter>
  </ItemGroup>
  <ItemGroup>
    <ClCompile Include="main.cpp">
      <Filter>Pliki źródłowe</Filter>
    </ClCompile>
    <ClCompile Include="glad.c">
      <Filter>Pliki źródłowe</Filter>
    </ClCompile>
    <ClCompile Include="Map.cpp">
      <Filter>Pliki źródłowe</Filter>
    </ClCompile>
    <ClCompile Include="Goblin.cpp">
      <Filter>Pliki źródłowe</Filter>
    </ClCompile>
    <ClCompile Include="stb_image_impl.cpp">
      <Filter>Pliki źródłowe</Filter>
    </ClCompile>
    <ClCompile Include="Weapon.cpp">
      <Filter>Pliki źródłowe</Filter>
    </ClCompile>
    <ClCompile Include="Audio.cpp">
      <Filter>Pliki źródłowe</Filter>
    </ClCompile>
  </ItemGroup>
  <ItemGroup>
    <ClInclude Include="config.h">
      <Filter>Pliki nagłówkowe</Filter>
    </ClInclude>
    <ClInclude Include="stb_image.h">
      <Filter>Pliki nagłówkowe</Filter>
    </ClInclude>
    <ClInclude Include="Map.h">
      <Filter>Pliki nagłówkowe</Filter>
    </ClInclude>
    <ClInclude Include="Goblin.h">
      <Filter>Pliki nagłówkowe</Filter>
    </ClInclude>
    <ClInclude Include="Weapon.h">
      <Filter>Pliki nagłówkowe</Filter>
    </ClInclude>
    <ClInclude Include="miniaudio.h">
      <Filter>Pliki nagłówkowe</Filter>
    </ClInclude>
    <ClInclude Include="Audio.h">
      <Filter>Pliki nagłówkowe</Filter>
    </ClInclude>
  </ItemGroup>
  <ItemGroup>
    <Image Include="wall.png">
      <Filter>Pliki zasobów</Filter>
    </Image>
    <Image Include="monster.png">
      <Filter>Pliki zasobów</Filter>
    </Image>
    <Image Include="pistol.png">
      <Filter>Pliki zasobów</Filter>
    </Image>
    <Image Include="hit.png">
      <Filter>Pliki zasobów</Filter>
    </Image>
    <Image Include="floor.png">
      <Filter>Pliki zasobów</Filter>
    </Image>
    <Image Include="ceiling.png">
      <Filter>Pliki zasobów</Filter>
    </Image>
    <Image Include="pistol_view_128.png">
      <Filter>Pliki zasobów</Filter>
    </Image>
    <Image Include="font.png">
      <Filter>Pliki zasobów</Filter>
    </Image>
    <Image Include="shotgun.png">
      <Filter>Pliki zasobów</Filter>
    </Image>
    <Image Include="shotgun_view_128.png">
      <Filter>Pliki zasobów</Filter>
    </Image>
    <Image Include="ammunition_pistol.png">
      <Filter>Pliki zasobów</Filter>
    </Image>
    <Image Include="ammunition_shotgun.png">
      <Filter>Pliki zasobów</Filter>
    </Image>
    <Image Include="fireball.png">
      <Filter>Pliki zasobów</Filter>
    </Image>
    <Image Include="monster_flying_1.png">
      <Filter>Pliki zasobów</Filter>
    </Image>
    <Image Include="monster_flying_2.png">
      <Filter>Pliki zasobów</Filter>
    </Image>
    <Image Include="monster_flying_3.png">
      <Filter>Pliki zasobów</Filter>
    </Image>
    <Image Include="monster_walk_1.png">
      <Filter>Pliki zasobów</Filter>
    </Image>
    <Image Include="monster_walk_2.png">
      <Filter>Pliki zasobów</Filter>
    </Image>
    <Image Include="monster_walk_3.png">
      <Filter>Pliki zasobów</Filter>
    </Image>
    <Image Include="monster_walk_fight_1.png">
      <Filter>Pliki zasobów</Filter>
    </Image>
    <Image Include="monster_walk_fight_2.png">
      <Filter>Pliki zasobów</Filter>
    </Image>
    <Image Include="monster_walk_hit_5.png">
      <Filter>Pliki zasobów</Filter>
    </Image>
    <Image Include="mecidal.png">
      <Filter>Pliki zasobów</Filter>
    </Image>
    <Image Include="bulletproof_armor.png">
      <Filter>Pliki zasobów</Filter>
    </Image>
    <Image Include="pistol_view_128_shoot.png">
      <Filter>Pliki zasobów</Filter>
    </Image>
    <Image Include="shotgun_view_128_shoot.png">
      <Filter>Pliki zasobów</Filter>
    </Image>
    <Image Include="blood_screen_damage.png">
      <Filter>Pliki zasobów</Filter>
    </Image>
    <Image Include="death_word.png">
      <Filter>Pliki zasobów</Filter>
    </Image>
    <Image Include="hand_attack_left_1.png">
      <Filter>Pliki zasobów</Filter>
    </Image>
    <Image Include="hand_attack_left_2.png">
      <Filter>Pliki zasobów</Filter>
    </Image>
    <Image Include="hand_attack_right_1.png">
      <Filter>Pliki zasobów</Filter>
    </Image>
    <Image Include="hand_attack_right_2.png">
      <Filter>Pliki zasobów</Filter>
    </Image>
    <Image Include="hand_idle.png">
      <Filter>Pliki zasobów</Filter>
    </Image>
    <Image Include="door.png">
      <Filter>Pliki zasobów</Filter>
    </Image>
    <Image Include="bullethole_pistol.png">
      <Filter>Pliki zasobów</Filter>
    </Image>
    <Image Include="bullethole_shotgun.png">
      <Filter>Pliki zasobów</Filter>
    </Image>
    <Image Include="blood_particle.png">
      <Filter>Pliki zasobów</Filter>
    </Image>
    <Image Include="green_card.png">
      <Filter>Pliki zasobów</Filter>
    </Image>
    <Image Include="red_card.png">
      <Filter>Pliki zasobów</Filter>
    </Image>
    <Image Include="door_dual_locked.png">
      <Filter>Pliki zasobów</Filter>
    </Image>
    <Image Include="door_dual_open.png">
      <Filter>Pliki zasobów</Filter>
    </Image>
    <Image Include="door_green_locked.png">
      <Filter>Pliki zasobów</Filter>
    </Image>
    <Image Include="door_green_open.png">
      <Filter>Pliki zasobów</Filter>
    </Image>
    <Image Include="door_red_locked.png">
      <Filter>Pliki zasobów</Filter>
    </Image>
    <Image Include="door_red_open.png">
      <Filter>Pliki zasobów</Filter>
    </Image>
    <Image Include="door_code_locked.png">
      <Filter>Pliki zasobów</Filter>
    </Image>
    <Image Include="door_code_open.png">
      <Filter>Pliki zasobów</Filter>
    </Image>
    <Image Include="keypad_ui_red.png">
      <Filter>Pliki zasobów</Filter>
    </Image>
    <Image Include="keypad_ui_green.png">
      <Filter>Pliki zasobów</Filter>
    </Image>
    <Image Include="ammunition_rifle.png">
      <Filter>Pliki zasobów</Filter>
    </Image>
    <Image Include="rifle.png">
      <Filter>Pliki zasobów</Filter>
    </Image>
    <Image Include="rifle_view.png">
      <Filter>Pliki zasobów</Filter>
    </Image>
    <Image Include="rifle_view_shoot.png">
      <Filter>Pliki zasobów</Filter>
    </Image>
    <Image Include="hud_overlay.png">
      <Filter>Pliki zasobów</Filter>
    </Image>
    <Image Include="shell_shotgun.png">
      <Filter>Pliki zasobów</Filter>
    </Image>
    <Image Include="shell.png">
      <Filter>Pliki zasobów</Filter>
    </Image>
  </ItemGroup>
  <ItemGroup>
    <Media Include="shoot_shotgun.wav">
      <Filter>Pliki zasobów</Filter>
    </Media>
    <Media Include="shoot_rifle.wav">
      <Filter>Pliki zasobów</Filter>
    </Media>
    <Media Include="shoot_pistol.wav">
      <Filter>Pliki zasobów</Filter>
    </Media>
    <Media Include="goblin_attack.wav">
      <Filter>Pliki zasobów</Filter>
    </Media>
    <Media Include="goblin_idle.wav">
      <Filter>Pliki zasobów</Filter>
    </Media>
    <Media Include="goblin_pain.wav">
      <Filter>Pliki zasobów</Filter>
    </Media>
    <Media Include="access_denied.wav">
      <Filter>Pliki zasobów</Filter>
    </Media>
    <Media Include="door_open.wav">
      <Filter>Pliki zasobów</Filter>
    </Media>
    <Media Include="keypad_click.wav">
      <Filter>Pliki zasobów</Filter>
    </Media>
    <Media Include="step_1.wav">
      <Filter>Pliki zasobów</Filter>
    </Media>
    <Media Include="step_2.wav">
      <Filter>Pliki zasobów</Filter>
    </Media>
    <Media Include="step_3.wav">
      <Filter>Pliki zasobów</Filter>
    </Media>
    <Media Include="pickup_ammo.wav">
      <Filter>Pliki zasobów</Filter>
    </Media>
    <Media Include="pickup_armor.wav">
      <Filter>Pliki zasobów</Filter>
    </Media>
    <Media Include="pickup_health.wav">
      <Filter>Pliki zasobów</Filter>
    </Media>
    <Media Include="pickup_key.wav">
      <Filter>Pliki zasobów</Filter>
    </Media>
    <Media Include="pickup_weapon.wav">
      <Filter>Pliki zasobów</Filter>
    </Media>
    <Media Include="punch.wav">
      <Filter>Pliki zasobów</Filter>
    </Media>
  </ItemGroup>
</Project>